
Microsoft Visual Studio Solution File, Format Version 12.00
# Visual Studio Version 17
VisualStudioVersion = 17.5.33502.453
MinimumVisualStudioVersion = 10.0.40219.1
Project("{FAE04EC0-301F-11D3-BF4B-00C04F79EFBC}") = "Task3", "Task3\Task3.csproj", "{FBA24B9C-0BA4-4BA6-960E-D0657A1C7B83}"
EndProject
Project("{FAE04EC0-301F-11D3-BF4B-00C04F79EFBC}") = "Task_2", "Task_2\Task_2.csproj", "{44C6B96B-68FC-4F48-9F35-B53E37F3971C}"
EndProject
Global
	GlobalSection(SolutionConfigurationPlatforms) = preSolution
		Debug|Any CPU = Debug|Any CPU
		Release|Any CPU = Release|Any CPU
	EndGlobalSection
	GlobalSection(ProjectConfigurationPlatforms) = postSolution
		{FBA24B9C-0BA4-4BA6-960E-D0657A1C7B83}.Debug|Any CPU.ActiveCfg = Debug|Any CPU
		{FBA24B9C-0BA4-4BA6-960E-D0657A1C7B83}.Debug|Any CPU.Build.0 = Debug|Any CPU
		{FBA24B9C-0BA4-4BA6-960E-D0657A1C7B83}.Release|Any CPU.ActiveCfg = Release|Any CPU
		{FBA24B9C-0BA4-4BA6-960E-D0657A1C7B83}.Release|Any CPU.Build.0 = Release|Any CPU
		{44C6B96B-68FC-4F48-9F35-B53E37F3971C}.Debug|Any CPU.ActiveCfg = Debug|Any CPU
		{44C6B96B-68FC-4F48-9F35-B53E37F3971C}.Debug|Any CPU.Build.0 = Debug|Any CPU
		{44C6B96B-68FC-4F48-9F35-B53E37F3971C}.Release|Any CPU.ActiveCfg = Release|Any CPU
		{44C6B96B-68FC-4F48-9F35-B53E37F3971C}.Release|Any CPU.Build.0 = Release|Any CPU
	EndGlobalSection
	GlobalSection(SolutionProperties) = preSolution
		HideSolutionNode = FALSE
	EndGlobalSection
	GlobalSection(ExtensibilityGlobals) = postSolution
		SolutionGuid = {22037463-2B99-4DE8-8AEA-195C41981080}
	EndGlobalSection
EndGlobal
